
Microsoft Visual Studio Solution File, Format Version 12.00
# Visual Studio 15
VisualStudioVersion = 15.0.27004.2008
MinimumVisualStudioVersion = 10.0.40219.1
Project("{FAE04EC0-301F-11D3-BF4B-00C04F79EFBC}") = "ReservationAPI", "ReservationAPI\ReservationAPI.csproj", "{D394DBC3-0456-4AE9-9678-348B01B0307A}"
EndProject
Global
	GlobalSection(SolutionConfigurationPlatforms) = preSolution
		Debug|Any CPU = Debug|Any CPU
		Release|Any CPU = Release|Any CPU
	EndGlobalSection
	GlobalSection(ProjectConfigurationPlatforms) = postSolution
		{D394DBC3-0456-4AE9-9678-348B01B0307A}.Debug|Any CPU.ActiveCfg = Debug|Any CPU
		{D394DBC3-0456-4AE9-9678-348B01B0307A}.Debug|Any CPU.Build.0 = Debug|Any CPU
		{D394DBC3-0456-4AE9-9678-348B01B0307A}.Release|Any CPU.ActiveCfg = Release|Any CPU
		{D394DBC3-0456-4AE9-9678-348B01B0307A}.Release|Any CPU.Build.0 = Release|Any CPU
	EndGlobalSection
	GlobalSection(SolutionProperties) = preSolution
		HideSolutionNode = FALSE
	EndGlobalSection
	GlobalSection(ExtensibilityGlobals) = postSolution
		SolutionGuid = {793361DA-CAD3-47CB-80A2-66A3FDCC0C6C}
	EndGlobalSection
EndGlobal
